
Microsoft Visual Studio Solution File, Format Version 12.00
# Visual Studio Version 16
VisualStudioVersion = 16.0.32602.291
MinimumVisualStudioVersion = 10.0.40219.1
Project("{FAE04EC0-301F-11D3-BF4B-00C04F79EFBC}") = "MPP_lab2", "MPP_lab2\MPP_lab2.csproj", "{464F2536-1DFE-49CA-A194-57962B53CB9D}"
EndProject
Project("{FAE04EC0-301F-11D3-BF4B-00C04F79EFBC}") = "FakerLib", "FakerLib\FakerLib.csproj", "{28BD74C8-5E23-4EBB-B430-3ABD4C5C3197}"
EndProject
Project("{FAE04EC0-301F-11D3-BF4B-00C04F79EFBC}") = "FakerTests", "FakerTests\FakerTests.csproj", "{805745CE-F714-4AA5-9799-C58ADDBF5276}"
EndProject
Project("{FAE04EC0-301F-11D3-BF4B-00C04F79EFBC}") = "GeneratorPluginSupport", "GeneratorPluginSupport\GeneratorPluginSupport.csproj", "{EDBD6300-FCE7-4EFD-A7A3-99AE842492D2}"
EndProject
Project("{FAE04EC0-301F-11D3-BF4B-00C04F79EFBC}") = "ListGeneratorFaker", "ListGeneratorFaker\ListGeneratorFaker.csproj", "{ACDEE5CE-FDD2-404F-96BB-8CDB20945068}"
EndProject
Global
	GlobalSection(SolutionConfigurationPlatforms) = preSolution
		Debug|Any CPU = Debug|Any CPU
		Release|Any CPU = Release|Any CPU
	EndGlobalSection
	GlobalSection(ProjectConfigurationPlatforms) = postSolution
		{464F2536-1DFE-49CA-A194-57962B53CB9D}.Debug|Any CPU.ActiveCfg = Debug|Any CPU
		{464F2536-1DFE-49CA-A194-57962B53CB9D}.Debug|Any CPU.Build.0 = Debug|Any CPU
		{464F2536-1DFE-49CA-A194-57962B53CB9D}.Release|Any CPU.ActiveCfg = Release|Any CPU
		{464F2536-1DFE-49CA-A194-57962B53CB9D}.Release|Any CPU.Build.0 = Release|Any CPU
		{28BD74C8-5E23-4EBB-B430-3ABD4C5C3197}.Debug|Any CPU.ActiveCfg = Debug|Any CPU
		{28BD74C8-5E23-4EBB-B430-3ABD4C5C3197}.Debug|Any CPU.Build.0 = Debug|Any CPU
		{28BD74C8-5E23-4EBB-B430-3ABD4C5C3197}.Release|Any CPU.ActiveCfg = Release|Any CPU
		{28BD74C8-5E23-4EBB-B430-3ABD4C5C3197}.Release|Any CPU.Build.0 = Release|Any CPU
		{805745CE-F714-4AA5-9799-C58ADDBF5276}.Debug|Any CPU.ActiveCfg = Debug|Any CPU
		{805745CE-F714-4AA5-9799-C58ADDBF5276}.Debug|Any CPU.Build.0 = Debug|Any CPU
		{805745CE-F714-4AA5-9799-C58ADDBF5276}.Release|Any CPU.ActiveCfg = Release|Any CPU
		{805745CE-F714-4AA5-9799-C58ADDBF5276}.Release|Any CPU.Build.0 = Release|Any CPU
		{EDBD6300-FCE7-4EFD-A7A3-99AE842492D2}.Debug|Any CPU.ActiveCfg = Debug|Any CPU
		{EDBD6300-FCE7-4EFD-A7A3-99AE842492D2}.Debug|Any CPU.Build.0 = Debug|Any CPU
		{EDBD6300-FCE7-4EFD-A7A3-99AE842492D2}.Release|Any CPU.ActiveCfg = Release|Any CPU
		{EDBD6300-FCE7-4EFD-A7A3-99AE842492D2}.Release|Any CPU.Build.0 = Release|Any CPU
		{ACDEE5CE-FDD2-404F-96BB-8CDB20945068}.Debug|Any CPU.ActiveCfg = Debug|Any CPU
		{ACDEE5CE-FDD2-404F-96BB-8CDB20945068}.Debug|Any CPU.Build.0 = Debug|Any CPU
		{ACDEE5CE-FDD2-404F-96BB-8CDB20945068}.Release|Any CPU.ActiveCfg = Release|Any CPU
		{ACDEE5CE-FDD2-404F-96BB-8CDB20945068}.Release|Any CPU.Build.0 = Release|Any CPU
	EndGlobalSection
	GlobalSection(SolutionProperties) = preSolution
		HideSolutionNode = FALSE
	EndGlobalSection
	GlobalSection(ExtensibilityGlobals) = postSolution
		SolutionGuid = {85E191F0-13F3-4C07-ACB0-881EDC0C6005}
	EndGlobalSection
EndGlobal
